// !$*UTF8*$!
{
	archiveVersion = 1;
	classes = {
	};
	objectVersion = 56;
	objects = {

/* Begin PBXBuildFile section */
		153E21AC29BEE46400511B07 /* AppDelegate.swift in Sources */ = {isa = PBXBuildFile; fileRef = 153E21AB29BEE46400511B07 /* AppDelegate.swift */; };
		153E21AE29BEE46400511B07 /* SceneDelegate.swift in Sources */ = {isa = PBXBuildFile; fileRef = 153E21AD29BEE46400511B07 /* SceneDelegate.swift */; };
		153E21B029BEE46400511B07 /* ViewController.swift in Sources */ = {isa = PBXBuildFile; fileRef = 153E21AF29BEE46400511B07 /* ViewController.swift */; };
		153E21B329BEE46400511B07 /* Main.storyboard in Resources */ = {isa = PBXBuildFile; fileRef = 153E21B129BEE46400511B07 /* Main.storyboard */; };
		153E21B629BEE46400511B07 /* dataCore.xcdatamodeld in Sources */ = {isa = PBXBuildFile; fileRef = 153E21B429BEE46400511B07 /* dataCore.xcdatamodeld */; };
		153E21B829BEE46600511B07 /* Assets.xcassets in Resources */ = {isa = PBXBuildFile; fileRef = 153E21B729BEE46600511B07 /* Assets.xcassets */; };
		153E21BB29BEE46600511B07 /* LaunchScreen.storyboard in Resources */ = {isa = PBXBuildFile; fileRef = 153E21B929BEE46600511B07 /* LaunchScreen.storyboard */; };
		153E21C429BEE5A700511B07 /* Company+CoreDataClass.swift in Sources */ = {isa = PBXBuildFile; fileRef = 153E21C229BEE5A700511B07 /* Company+CoreDataClass.swift */; };
		153E21C529BEE5A700511B07 /* Company+CoreDataProperties.swift in Sources */ = {isa = PBXBuildFile; fileRef = 153E21C329BEE5A700511B07 /* Company+CoreDataProperties.swift */; };
		153E21C729BEE96700511B07 /* companyTableViewCell.swift in Sources */ = {isa = PBXBuildFile; fileRef = 153E21C629BEE96700511B07 /* companyTableViewCell.swift */; };
		153E21C929BF0AD900511B07 /* AddController.swift in Sources */ = {isa = PBXBuildFile; fileRef = 153E21C829BF0AD900511B07 /* AddController.swift */; };
		153E21CB29BF0D1E00511B07 /* Constants.swift in Sources */ = {isa = PBXBuildFile; fileRef = 153E21CA29BF0D1E00511B07 /* Constants.swift */; };
/* End PBXBuildFile section */

/* Begin PBXFileReference section */
		153E21A829BEE46400511B07 /* dataCore.app */ = {isa = PBXFileReference; explicitFileType = wrapper.application; includeInIndex = 0; path = dataCore.app; sourceTree = BUILT_PRODUCTS_DIR; };
		153E21AB29BEE46400511B07 /* AppDelegate.swift */ = {isa = PBXFileReference; lastKnownFileType = sourcecode.swift; path = AppDelegate.swift; sourceTree = "<group>"; };
		153E21AD29BEE46400511B07 /* SceneDelegate.swift */ = {isa = PBXFileReference; lastKnownFileType = sourcecode.swift; path = SceneDelegate.swift; sourceTree = "<group>"; };
		153E21AF29BEE46400511B07 /* ViewController.swift */ = {isa = PBXFileReference; lastKnownFileType = sourcecode.swift; path = ViewController.swift; sourceTree = "<group>"; };
		153E21B229BEE46400511B07 /* Base */ = {isa = PBXFileReference; lastKnownFileType = file.storyboard; name = Base; path = Base.lproj/Main.storyboard; sourceTree = "<group>"; };
		153E21B529BEE46400511B07 /* dataCore.xcdatamodel */ = {isa = PBXFileReference; lastKnownFileType = wrapper.xcdatamodel; path = dataCore.xcdatamodel; sourceTree = "<group>"; };
		153E21B729BEE46600511B07 /* Assets.xcassets */ = {isa = PBXFileReference; lastKnownFileType = folder.assetcatalog; path = Assets.xcassets; sourceTree = "<group>"; };
		153E21BA29BEE46600511B07 /* Base */ = {isa = PBXFileReference; lastKnownFileType = file.storyboard; name = Base; path = Base.lproj/LaunchScreen.storyboard; sourceTree = "<group>"; };
		153E21BC29BEE46600511B07 /* Info.plist */ = {isa = PBXFileReference; lastKnownFileType = text.plist.xml; path = Info.plist; sourceTree = "<group>"; };
		153E21C229BEE5A700511B07 /* Company+CoreDataClass.swift */ = {isa = PBXFileReference; lastKnownFileType = sourcecode.swift; path = "Company+CoreDataClass.swift"; sourceTree = "<group>"; };
		153E21C329BEE5A700511B07 /* Company+CoreDataProperties.swift */ = {isa = PBXFileReference; lastKnownFileType = sourcecode.swift; path = "Company+CoreDataProperties.swift"; sourceTree = "<group>"; };
		153E21C629BEE96700511B07 /* companyTableViewCell.swift */ = {isa = PBXFileReference; lastKnownFileType = sourcecode.swift; path = companyTableViewCell.swift; sourceTree = "<group>"; };
		153E21C829BF0AD900511B07 /* AddController.swift */ = {isa = PBXFileReference; lastKnownFileType = sourcecode.swift; path = AddController.swift; sourceTree = "<group>"; };
		153E21CA29BF0D1E00511B07 /* Constants.swift */ = {isa = PBXFileReference; lastKnownFileType = sourcecode.swift; path = Constants.swift; sourceTree = "<group>"; };
/* End PBXFileReference section */

/* Begin PBXFrameworksBuildPhase section */
		153E21A529BEE46400511B07 /* Frameworks */ = {
			isa = PBXFrameworksBuildPhase;
			buildActionMask = 2147483647;
			files = (
			);
			runOnlyForDeploymentPostprocessing = 0;
		};
/* End PBXFrameworksBuildPhase section */

/* Begin PBXGroup section */
		153E219F29BEE46400511B07 = {
			isa = PBXGroup;
			children = (
				153E21C229BEE5A700511B07 /* Company+CoreDataClass.swift */,
				153E21C329BEE5A700511B07 /* Company+CoreDataProperties.swift */,
				153E21AA29BEE46400511B07 /* dataCore */,
				153E21A929BEE46400511B07 /* Products */,
			);
			sourceTree = "<group>";
		};
		153E21A929BEE46400511B07 /* Products */ = {
			isa = PBXGroup;
			children = (
				153E21A829BEE46400511B07 /* dataCore.app */,
			);
			name = Products;
			sourceTree = "<group>";
		};
		153E21AA29BEE46400511B07 /* dataCore */ = {
			isa = PBXGroup;
			children = (
				153E21AB29BEE46400511B07 /* AppDelegate.swift */,
				153E21AD29BEE46400511B07 /* SceneDelegate.swift */,
				153E21AF29BEE46400511B07 /* ViewController.swift */,
				153E21C829BF0AD900511B07 /* AddController.swift */,
				153E21B129BEE46400511B07 /* Main.storyboard */,
				153E21CA29BF0D1E00511B07 /* Constants.swift */,
				153E21C629BEE96700511B07 /* companyTableViewCell.swift */,
				153E21B729BEE46600511B07 /* Assets.xcassets */,
				153E21B929BEE46600511B07 /* LaunchScreen.storyboard */,
				153E21BC29BEE46600511B07 /* Info.plist */,
				153E21B429BEE46400511B07 /* dataCore.xcdatamodeld */,
			);
			path = dataCore;
			sourceTree = "<group>";
		};
/* End PBXGroup section */

/* Begin PBXNativeTarget section */
		153E21A729BEE46400511B07 /* dataCore */ = {
			isa = PBXNativeTarget;
			buildConfigurationList = 153E21BF29BEE46600511B07 /* Build configuration list for PBXNativeTarget "dataCore" */;
			buildPhases = (
				153E21A429BEE46400511B07 /* Sources */,
				153E21A529BEE46400511B07 /* Frameworks */,
				153E21A629BEE46400511B07 /* Resources */,
			);
			buildRules = (
			);
			dependencies = (
			);
			name = dataCore;
			productName = dataCore;
			productReference = 153E21A829BEE46400511B07 /* dataCore.app */;
			productType = "com.apple.product-type.application";
		};
/* End PBXNativeTarget section */

/* Begin PBXProject section */
		153E21A029BEE46400511B07 /* Project object */ = {
			isa = PBXProject;
			attributes = {
				BuildIndependentTargetsInParallel = 1;
				LastSwiftUpdateCheck = 1410;
				LastUpgradeCheck = 1410;
				TargetAttributes = {
					153E21A729BEE46400511B07 = {
						CreatedOnToolsVersion = 14.1;
					};
				};
			};
			buildConfigurationList = 153E21A329BEE46400511B07 /* Build configuration list for PBXProject "dataCore" */;
			compatibilityVersion = "Xcode 14.0";
			developmentRegion = en;
			hasScannedForEncodings = 0;
			knownRegions = (
				en,
				Base,
			);
			mainGroup = 153E219F29BEE46400511B07;
			productRefGroup = 153E21A929BEE46400511B07 /* Products */;
			projectDirPath = "";
			projectRoot = "";
			targets = (
				153E21A729BEE46400511B07 /* dataCore */,
			);
		};
/* End PBXProject section */

/* Begin PBXResourcesBuildPhase section */
		153E21A629BEE46400511B07 /* Resources */ = {
			isa = PBXResourcesBuildPhase;
			buildActionMask = 2147483647;
			files = (
				153E21BB29BEE46600511B07 /* LaunchScreen.storyboard in Resources */,
				153E21B829BEE46600511B07 /* Assets.xcassets in Resources */,
				153E21B329BEE46400511B07 /* Main.storyboard in Resources */,
			);
			runOnlyForDeploymentPostprocessing = 0;
		};
/* End PBXResourcesBuildPhase section */

/* Begin PBXSourcesBuildPhase section */
		153E21A429BEE46400511B07 /* Sources */ = {
			isa = PBXSourcesBuildPhase;
			buildActionMask = 2147483647;
			files = (
				153E21C729BEE96700511B07 /* companyTableViewCell.swift in Sources */,
				153E21B629BEE46400511B07 /* dataCore.xcdatamodeld in Sources */,
				153E21B029BEE46400511B07 /* ViewController.swift in Sources */,
				153E21C929BF0AD900511B07 /* AddController.swift in Sources */,
				153E21C529BEE5A700511B07 /* Company+CoreDataProperties.swift in Sources */,
				153E21AC29BEE46400511B07 /* AppDelegate.swift in Sources */,
				153E21AE29BEE46400511B07 /* SceneDelegate.swift in Sources */,
				153E21C429BEE5A700511B07 /* Company+CoreDataClass.swift in Sources */,
				153E21CB29BF0D1E00511B07 /* Constants.swift in Sources */,
			);
			runOnlyForDeploymentPostprocessing = 0;
		};
/* End PBXSourcesBuildPhase section */

/* Begin PBXVariantGroup section */
		153E21B129BEE46400511B07 /* Main.storyboard */ = {
			isa = PBXVariantGroup;
			children = (
				153E21B229BEE46400511B07 /* Base */,
			);
			name = Main.storyboard;
			sourceTree = "<group>";
		};
		153E21B929BEE46600511B07 /* LaunchScreen.storyboard */ = {
			isa = PBXVariantGroup;
			children = (
				153E21BA29BEE46600511B07 /* Base */,
			);
			name = LaunchScreen.storyboard;
			sourceTree = "<group>";
		};
/* End PBXVariantGroup section */

/* Begin XCBuildConfiguration section */
		153E21BD29BEE46600511B07 /* Debug */ = {
			isa = XCBuildConfiguration;
			buildSettings = {
				ALWAYS_SEARCH_USER_PATHS = NO;
				CLANG_ANALYZER_NONNULL = YES;
				CLANG_ANALYZER_NUMBER_OBJECT_CONVERSION = YES_AGGRESSIVE;
				CLANG_CXX_LANGUAGE_STANDARD = "gnu++20";
				CLANG_ENABLE_MODULES = YES;
				CLANG_ENABLE_OBJC_ARC = YES;
				CLANG_ENABLE_OBJC_WEAK = YES;
				CLANG_WARN_BLOCK_CAPTURE_AUTORELEASING = YES;
				CLANG_WARN_BOOL_CONVERSION = YES;
				CLANG_WARN_COMMA = YES;
				CLANG_WARN_CONSTANT_CONVERSION = YES;
				CLANG_WARN_DEPRECATED_OBJC_IMPLEMENTATIONS = YES;
				CLANG_WARN_DIRECT_OBJC_ISA_USAGE = YES_ERROR;
				CLANG_WARN_DOCUMENTATION_COMMENTS = YES;
				CLANG_WARN_EMPTY_BODY = YES;
				CLANG_WARN_ENUM_CONVERSION = YES;
				CLANG_WARN_INFINITE_RECURSION = YES;
				CLANG_WARN_INT_CONVERSION = YES;
				CLANG_WARN_NON_LITERAL_NULL_CONVERSION = YES;
				CLANG_WARN_OBJC_IMPLICIT_RETAIN_SELF = YES;
				CLANG_WARN_OBJC_LITERAL_CONVERSION = YES;
				CLANG_WARN_OBJC_ROOT_CLASS = YES_ERROR;
				CLANG_WARN_QUOTED_INCLUDE_IN_FRAMEWORK_HEADER = YES;
				CLANG_WARN_RANGE_LOOP_ANALYSIS = YES;
				CLANG_WARN_STRICT_PROTOTYPES = YES;
				CLANG_WARN_SUSPICIOUS_MOVE = YES;
				CLANG_WARN_UNGUARDED_AVAILABILITY = YES_AGGRESSIVE;
				CLANG_WARN_UNREACHABLE_CODE = YES;
				CLANG_WARN__DUPLICATE_METHOD_MATCH = YES;
				COPY_PHASE_STRIP = NO;
				DEBUG_INFORMATION_FORMAT = dwarf;
				ENABLE_STRICT_OBJC_MSGSEND = YES;
				ENABLE_TESTABILITY = YES;
				GCC_C_LANGUAGE_STANDARD = gnu11;
				GCC_DYNAMIC_NO_PIC = NO;
				GCC_NO_COMMON_BLOCKS = YES;
				GCC_OPTIMIZATION_LEVEL = 0;
				GCC_PREPROCESSOR_DEFINITIONS = (
					"DEBUG=1",
					"$(inherited)",
				);
				GCC_WARN_64_TO_32_BIT_CONVERSION = YES;
				GCC_WARN_ABOUT_RETURN_TYPE = YES_ERROR;
				GCC_WARN_UNDECLARED_SELECTOR = YES;
				GCC_WARN_UNINITIALIZED_AUTOS = YES_AGGRESSIVE;
				GCC_WARN_UNUSED_FUNCTION = YES;
				GCC_WARN_UNUSED_VARIABLE = YES;
				IPHONEOS_DEPLOYMENT_TARGET = 16.1;
				MTL_ENABLE_DEBUG_INFO = INCLUDE_SOURCE;
				MTL_FAST_MATH = YES;
				ONLY_ACTIVE_ARCH = YES;
				SDKROOT = iphoneos;
				SWIFT_ACTIVE_COMPILATION_CONDITIONS = DEBUG;
				SWIFT_OPTIMIZATION_LEVEL = "-Onone";
			};
			name = Debug;
		};
		153E21BE29BEE46600511B07 /* Release */ = {
			isa = XCBuildConfiguration;
			buildSettings = {
				ALWAYS_SEARCH_USER_PATHS = NO;
				CLANG_ANALYZER_NONNULL = YES;
				CLANG_ANALYZER_NUMBER_OBJECT_CONVERSION = YES_AGGRESSIVE;
				CLANG_CXX_LANGUAGE_STANDARD = "gnu++20";
				CLANG_ENABLE_MODULES = YES;
				CLANG_ENABLE_OBJC_ARC = YES;
				CLANG_ENABLE_OBJC_WEAK = YES;
				CLANG_WARN_BLOCK_CAPTURE_AUTORELEASING = YES;
				CLANG_WARN_BOOL_CONVERSION = YES;
				CLANG_WARN_COMMA = YES;
				CLANG_WARN_CONSTANT_CONVERSION = YES;
				CLANG_WARN_DEPRECATED_OBJC_IMPLEMENTATIONS = YES;
				CLANG_WARN_DIRECT_OBJC_ISA_USAGE = YES_ERROR;
				CLANG_WARN_DOCUMENTATION_COMMENTS = YES;
				CLANG_WARN_EMPTY_BODY = YES;
				CLANG_WARN_ENUM_CONVERSION = YES;
				CLANG_WARN_INFINITE_RECURSION = YES;
				CLANG_WARN_INT_CONVERSION = YES;
				CLANG_WARN_NON_LITERAL_NULL_CONVERSION = YES;
				CLANG_WARN_OBJC_IMPLICIT_RETAIN_SELF = YES;
				CLANG_WARN_OBJC_LITERAL_CONVERSION = YES;
				CLANG_WARN_OBJC_ROOT_CLASS = YES_ERROR;
				CLANG_WARN_QUOTED_INCLUDE_IN_FRAMEWORK_HEADER = YES;
				CLANG_WARN_RANGE_LOOP_ANALYSIS = YES;
				CLANG_WARN_STRICT_PROTOTYPES = YES;
				CLANG_WARN_SUSPICIOUS_MOVE = YES;
				CLANG_WARN_UNGUARDED_AVAILABILITY = YES_AGGRESSIVE;
				CLANG_WARN_UNREACHABLE_CODE = YES;
				CLANG_WARN__DUPLICATE_METHOD_MATCH = YES;
				COPY_PHASE_STRIP = NO;
				DEBUG_INFORMATION_FORMAT = "dwarf-with-dsym";
				ENABLE_NS_ASSERTIONS = NO;
				ENABLE_STRICT_OBJC_MSGSEND = YES;
				GCC_C_LANGUAGE_STANDARD = gnu11;
				GCC_NO_COMMON_BLOCKS = YES;
				GCC_WARN_64_TO_32_BIT_CONVERSION = YES;
				GCC_WARN_ABOUT_RETURN_TYPE = YES_ERROR;
				GCC_WARN_UNDECLARED_SELECTOR = YES;
				GCC_WARN_UNINITIALIZED_AUTOS = YES_AGGRESSIVE;
				GCC_WARN_UNUSED_FUNCTION = YES;
				GCC_WARN_UNUSED_VARIABLE = YES;
				IPHONEOS_DEPLOYMENT_TARGET = 16.1;
				MTL_ENABLE_DEBUG_INFO = NO;
				MTL_FAST_MATH = YES;
				SDKROOT = iphoneos;
				SWIFT_COMPILATION_MODE = wholemodule;
				SWIFT_OPTIMIZATION_LEVEL = "-O";
				VALIDATE_PRODUCT = YES;
			};
			name = Release;
		};
		153E21C029BEE46600511B07 /* Debug */ = {
			isa = XCBuildConfiguration;
			buildSettings = {
				ASSETCATALOG_COMPILER_APPICON_NAME = AppIcon;
				ASSETCATALOG_COMPILER_GLOBAL_ACCENT_COLOR_NAME = AccentColor;
				CODE_SIGN_STYLE = Automatic;
				CURRENT_PROJECT_VERSION = 1;
				DEVELOPMENT_TEAM = 37D4SXVKKL;
				GENERATE_INFOPLIST_FILE = YES;
				INFOPLIST_FILE = dataCore/Info.plist;
				INFOPLIST_KEY_UIApplicationSupportsIndirectInputEvents = YES;
				INFOPLIST_KEY_UILaunchStoryboardName = LaunchScreen;
				INFOPLIST_KEY_UIMainStoryboardFile = Main;
				INFOPLIST_KEY_UISupportedInterfaceOrientations_iPad = "UIInterfaceOrientationPortrait UIInterfaceOrientationPortraitUpsideDown UIInterfaceOrientationLandscapeLeft UIInterfaceOrientationLandscapeRight";
				INFOPLIST_KEY_UISupportedInterfaceOrientations_iPhone = "UIInterfaceOrientationPortrait UIInterfaceOrientationLandscapeLeft UIInterfaceOrientationLandscapeRight";
				IPHONEOS_DEPLOYMENT_TARGET = 15.0;
				LD_RUNPATH_SEARCH_PATHS = (
					"$(inherited)",
					"@executable_path/Frameworks",
				);
				MARKETING_VERSION = 1.0;
				PRODUCT_BUNDLE_IDENTIFIER = "PEPUL-TECH-PRIVATE-LIMITED.dataCore";
				PRODUCT_NAME = "$(TARGET_NAME)";
				SWIFT_EMIT_LOC_STRINGS = YES;
				SWIFT_VERSION = 5.0;
				TARGETED_DEVICE_FAMILY = "1,2";
			};
			name = Debug;
		};
		153E21C129BEE46600511B07 /* Release */ = {
			isa = XCBuildConfiguration;
			buildSettings = {
				ASSETCATALOG_COMPILER_APPICON_NAME = AppIcon;
				ASSETCATALOG_COMPILER_GLOBAL_ACCENT_COLOR_NAME = AccentColor;
				CODE_SIGN_STYLE = Automatic;
				CURRENT_PROJECT_VERSION = 1;
				DEVELOPMENT_TEAM = 37D4SXVKKL;
				GENERATE_INFOPLIST_FILE = YES;
				INFOPLIST_FILE = dataCore/Info.plist;
				INFOPLIST_KEY_UIApplicationSupportsIndirectInputEvents = YES;
				INFOPLIST_KEY_UILaunchStoryboardName = LaunchScreen;
				INFOPLIST_KEY_UIMainStoryboardFile = Main;
				INFOPLIST_KEY_UISupportedInterfaceOrientations_iPad = "UIInterfaceOrientationPortrait UIInterfaceOrientationPortraitUpsideDown UIInterfaceOrientationLandscapeLeft UIInterfaceOrientationLandscapeRight";
				INFOPLIST_KEY_UISupportedInterfaceOrientations_iPhone = "UIInterfaceOrientationPortrait UIInterfaceOrientationLandscapeLeft UIInterfaceOrientationLandscapeRight";
				IPHONEOS_DEPLOYMENT_TARGET = 15.0;
				LD_RUNPATH_SEARCH_PATHS = (
					"$(inherited)",
					"@executable_path/Frameworks",
				);
				MARKETING_VERSION = 1.0;
				PRODUCT_BUNDLE_IDENTIFIER = "PEPUL-TECH-PRIVATE-LIMITED.dataCore";
				PRODUCT_NAME = "$(TARGET_NAME)";
				SWIFT_EMIT_LOC_STRINGS = YES;
				SWIFT_VERSION = 5.0;
				TARGETED_DEVICE_FAMILY = "1,2";
			};
			name = Release;
		};
/* End XCBuildConfiguration section */

/* Begin XCConfigurationList section */
		153E21A329BEE46400511B07 /* Build configuration list for PBXProject "dataCore" */ = {
			isa = XCConfigurationList;
			buildConfigurations = (
				153E21BD29BEE46600511B07 /* Debug */,
				153E21BE29BEE46600511B07 /* Release */,
			);
			defaultConfigurationIsVisible = 0;
			defaultConfigurationName = Release;
		};
		153E21BF29BEE46600511B07 /* Build configuration list for PBXNativeTarget "dataCore" */ = {
			isa = XCConfigurationList;
			buildConfigurations = (
				153E21C029BEE46600511B07 /* Debug */,
				153E21C129BEE46600511B07 /* Release */,
			);
			defaultConfigurationIsVisible = 0;
			defaultConfigurationName = Release;
		};
/* End XCConfigurationList section */

/* Begin XCVersionGroup section */
		153E21B429BEE46400511B07 /* dataCore.xcdatamodeld */ = {
			isa = XCVersionGroup;
			children = (
				153E21B529BEE46400511B07 /* dataCore.xcdatamodel */,
			);
			currentVersion = 153E21B529BEE46400511B07 /* dataCore.xcdatamodel */;
			path = dataCore.xcdatamodeld;
			sourceTree = "<group>";
			versionGroupType = wrapper.xcdatamodel;
		};
/* End XCVersionGroup section */
	};
	rootObject = 153E21A029BEE46400511B07 /* Project object */;
}
